// !$*UTF8*$!
{
	archiveVersion = 1;
	classes = {
	};
	objectVersion = 56;
	objects = {

/* Begin PBXBuildFile section */
		DDC9B95C2C708D480085AC94 /* AppDelegate.swift in Sources */ = {isa = PBXBuildFile; fileRef = DDC9B95B2C708D480085AC94 /* AppDelegate.swift */; };
		DDC9B95E2C708D480085AC94 /* SceneDelegate.swift in Sources */ = {isa = PBXBuildFile; fileRef = DDC9B95D2C708D480085AC94 /* SceneDelegate.swift */; };
		DDC9B9652C708D4A0085AC94 /* Assets.xcassets in Resources */ = {isa = PBXBuildFile; fileRef = DDC9B9642C708D4A0085AC94 /* Assets.xcassets */; };
		DDC9B9682C708D4A0085AC94 /* Base in Resources */ = {isa = PBXBuildFile; fileRef = DDC9B9672C708D4A0085AC94 /* Base */; };
		DDC9B9732C708D4B0085AC94 /* TestTests.swift in Sources */ = {isa = PBXBuildFile; fileRef = DDC9B9722C708D4B0085AC94 /* TestTests.swift */; };
		DDC9B97D2C708D4B0085AC94 /* TestUITests.swift in Sources */ = {isa = PBXBuildFile; fileRef = DDC9B97C2C708D4B0085AC94 /* TestUITests.swift */; };
		DDC9B97F2C708D4B0085AC94 /* TestUITestsLaunchTests.swift in Sources */ = {isa = PBXBuildFile; fileRef = DDC9B97E2C708D4B0085AC94 /* TestUITestsLaunchTests.swift */; };
		DDC9B98C2C70904D0085AC94 /* DatePickerView.swift in Sources */ = {isa = PBXBuildFile; fileRef = DDC9B98B2C70904D0085AC94 /* DatePickerView.swift */; };
		DDC9B98F2C7091220085AC94 /* MainViewController.swift in Sources */ = {isa = PBXBuildFile; fileRef = DDC9B98D2C7091220085AC94 /* MainViewController.swift */; };
		DDC9B9902C7091220085AC94 /* MainViewController.xib in Resources */ = {isa = PBXBuildFile; fileRef = DDC9B98E2C7091220085AC94 /* MainViewController.xib */; };
/* End PBXBuildFile section */

/* Begin PBXContainerItemProxy section */
		DDC9B96F2C708D4B0085AC94 /* PBXContainerItemProxy */ = {
			isa = PBXContainerItemProxy;
			containerPortal = DDC9B9502C708D480085AC94 /* Project object */;
			proxyType = 1;
			remoteGlobalIDString = DDC9B9572C708D480085AC94;
			remoteInfo = Test;
		};
		DDC9B9792C708D4B0085AC94 /* PBXContainerItemProxy */ = {
			isa = PBXContainerItemProxy;
			containerPortal = DDC9B9502C708D480085AC94 /* Project object */;
			proxyType = 1;
			remoteGlobalIDString = DDC9B9572C708D480085AC94;
			remoteInfo = Test;
		};
/* End PBXContainerItemProxy section */

/* Begin PBXFileReference section */
		DDC9B9582C708D480085AC94 /* Test.app */ = {isa = PBXFileReference; explicitFileType = wrapper.application; includeInIndex = 0; path = Test.app; sourceTree = BUILT_PRODUCTS_DIR; };
		DDC9B95B2C708D480085AC94 /* AppDelegate.swift */ = {isa = PBXFileReference; lastKnownFileType = sourcecode.swift; path = AppDelegate.swift; sourceTree = "<group>"; };
		DDC9B95D2C708D480085AC94 /* SceneDelegate.swift */ = {isa = PBXFileReference; lastKnownFileType = sourcecode.swift; path = SceneDelegate.swift; sourceTree = "<group>"; };
		DDC9B9642C708D4A0085AC94 /* Assets.xcassets */ = {isa = PBXFileReference; lastKnownFileType = folder.assetcatalog; path = Assets.xcassets; sourceTree = "<group>"; };
		DDC9B9672C708D4A0085AC94 /* Base */ = {isa = PBXFileReference; lastKnownFileType = file.storyboard; name = Base; path = Base.lproj/LaunchScreen.storyboard; sourceTree = "<group>"; };
		DDC9B9692C708D4A0085AC94 /* Info.plist */ = {isa = PBXFileReference; lastKnownFileType = text.plist.xml; path = Info.plist; sourceTree = "<group>"; };
		DDC9B96E2C708D4B0085AC94 /* TestTests.xctest */ = {isa = PBXFileReference; explicitFileType = wrapper.cfbundle; includeInIndex = 0; path = TestTests.xctest; sourceTree = BUILT_PRODUCTS_DIR; };
		DDC9B9722C708D4B0085AC94 /* TestTests.swift */ = {isa = PBXFileReference; lastKnownFileType = sourcecode.swift; path = TestTests.swift; sourceTree = "<group>"; };
		DDC9B9782C708D4B0085AC94 /* TestUITests.xctest */ = {isa = PBXFileReference; explicitFileType = wrapper.cfbundle; includeInIndex = 0; path = TestUITests.xctest; sourceTree = BUILT_PRODUCTS_DIR; };
		DDC9B97C2C708D4B0085AC94 /* TestUITests.swift */ = {isa = PBXFileReference; lastKnownFileType = sourcecode.swift; path = TestUITests.swift; sourceTree = "<group>"; };
		DDC9B97E2C708D4B0085AC94 /* TestUITestsLaunchTests.swift */ = {isa = PBXFileReference; lastKnownFileType = sourcecode.swift; path = TestUITestsLaunchTests.swift; sourceTree = "<group>"; };
		DDC9B98B2C70904D0085AC94 /* DatePickerView.swift */ = {isa = PBXFileReference; lastKnownFileType = sourcecode.swift; path = DatePickerView.swift; sourceTree = "<group>"; };
		DDC9B98D2C7091220085AC94 /* MainViewController.swift */ = {isa = PBXFileReference; lastKnownFileType = sourcecode.swift; path = MainViewController.swift; sourceTree = "<group>"; };
		DDC9B98E2C7091220085AC94 /* MainViewController.xib */ = {isa = PBXFileReference; lastKnownFileType = file.xib; path = MainViewController.xib; sourceTree = "<group>"; };
/* End PBXFileReference section */

/* Begin PBXFrameworksBuildPhase section */
		DDC9B9552C708D480085AC94 /* Frameworks */ = {
			isa = PBXFrameworksBuildPhase;
			buildActionMask = 2147483647;
			files = (
			);
			runOnlyForDeploymentPostprocessing = 0;
		};
		DDC9B96B2C708D4B0085AC94 /* Frameworks */ = {
			isa = PBXFrameworksBuildPhase;
			buildActionMask = 2147483647;
			files = (
			);
			runOnlyForDeploymentPostprocessing = 0;
		};
		DDC9B9752C708D4B0085AC94 /* Frameworks */ = {
			isa = PBXFrameworksBuildPhase;
			buildActionMask = 2147483647;
			files = (
			);
			runOnlyForDeploymentPostprocessing = 0;
		};
/* End PBXFrameworksBuildPhase section */

/* Begin PBXGroup section */
		DDC9B94F2C708D480085AC94 = {
			isa = PBXGroup;
			children = (
				DDC9B95A2C708D480085AC94 /* Test */,
				DDC9B9712C708D4B0085AC94 /* TestTests */,
				DDC9B97B2C708D4B0085AC94 /* TestUITests */,
				DDC9B9592C708D480085AC94 /* Products */,
			);
			sourceTree = "<group>";
		};
		DDC9B9592C708D480085AC94 /* Products */ = {
			isa = PBXGroup;
			children = (
				DDC9B9582C708D480085AC94 /* Test.app */,
				DDC9B96E2C708D4B0085AC94 /* TestTests.xctest */,
				DDC9B9782C708D4B0085AC94 /* TestUITests.xctest */,
			);
			name = Products;
			sourceTree = "<group>";
		};
		DDC9B95A2C708D480085AC94 /* Test */ = {
			isa = PBXGroup;
			children = (
				DDC9B95B2C708D480085AC94 /* AppDelegate.swift */,
				DDC9B95D2C708D480085AC94 /* SceneDelegate.swift */,
				DDC9B9642C708D4A0085AC94 /* Assets.xcassets */,
				DDC9B9662C708D4A0085AC94 /* LaunchScreen.storyboard */,
				DDC9B9692C708D4A0085AC94 /* Info.plist */,
				DDC9B98B2C70904D0085AC94 /* DatePickerView.swift */,
				DDC9B98D2C7091220085AC94 /* MainViewController.swift */,
				DDC9B98E2C7091220085AC94 /* MainViewController.xib */,
			);
			path = Test;
			sourceTree = "<group>";
		};
		DDC9B9712C708D4B0085AC94 /* TestTests */ = {
			isa = PBXGroup;
			children = (
				DDC9B9722C708D4B0085AC94 /* TestTests.swift */,
			);
			path = TestTests;
			sourceTree = "<group>";
		};
		DDC9B97B2C708D4B0085AC94 /* TestUITests */ = {
			isa = PBXGroup;
			children = (
				DDC9B97C2C708D4B0085AC94 /* TestUITests.swift */,
				DDC9B97E2C708D4B0085AC94 /* TestUITestsLaunchTests.swift */,
			);
			path = TestUITests;
			sourceTree = "<group>";
		};
/* End PBXGroup section */

/* Begin PBXNativeTarget section */
		DDC9B9572C708D480085AC94 /* Test */ = {
			isa = PBXNativeTarget;
			buildConfigurationList = DDC9B9822C708D4B0085AC94 /* Build configuration list for PBXNativeTarget "Test" */;
			buildPhases = (
				DDC9B9542C708D480085AC94 /* Sources */,
				DDC9B9552C708D480085AC94 /* Frameworks */,
				DDC9B9562C708D480085AC94 /* Resources */,
			);
			buildRules = (
			);
			dependencies = (
			);
			name = Test;
			productName = Test;
			productReference = DDC9B9582C708D480085AC94 /* Test.app */;
			productType = "com.apple.product-type.application";
		};
		DDC9B96D2C708D4B0085AC94 /* TestTests */ = {
			isa = PBXNativeTarget;
			buildConfigurationList = DDC9B9852C708D4B0085AC94 /* Build configuration list for PBXNativeTarget "TestTests" */;
			buildPhases = (
				DDC9B96A2C708D4B0085AC94 /* Sources */,
				DDC9B96B2C708D4B0085AC94 /* Frameworks */,
				DDC9B96C2C708D4B0085AC94 /* Resources */,
			);
			buildRules = (
			);
			dependencies = (
				DDC9B9702C708D4B0085AC94 /* PBXTargetDependency */,
			);
			name = TestTests;
			productName = TestTests;
			productReference = DDC9B96E2C708D4B0085AC94 /* TestTests.xctest */;
			productType = "com.apple.product-type.bundle.unit-test";
		};
		DDC9B9772C708D4B0085AC94 /* TestUITests */ = {
			isa = PBXNativeTarget;
			buildConfigurationList = DDC9B9882C708D4B0085AC94 /* Build configuration list for PBXNativeTarget "TestUITests" */;
			buildPhases = (
				DDC9B9742C708D4B0085AC94 /* Sources */,
				DDC9B9752C708D4B0085AC94 /* Frameworks */,
				DDC9B9762C708D4B0085AC94 /* Resources */,
			);
			buildRules = (
			);
			dependencies = (
				DDC9B97A2C708D4B0085AC94 /* PBXTargetDependency */,
			);
			name = TestUITests;
			productName = TestUITests;
			productReference = DDC9B9782C708D4B0085AC94 /* TestUITests.xctest */;
			productType = "com.apple.product-type.bundle.ui-testing";
		};
/* End PBXNativeTarget section */

/* Begin PBXProject section */
		DDC9B9502C708D480085AC94 /* Project object */ = {
			isa = PBXProject;
			attributes = {
				BuildIndependentTargetsInParallel = 1;
				LastSwiftUpdateCheck = 1530;
				LastUpgradeCheck = 1530;
				TargetAttributes = {
					DDC9B9572C708D480085AC94 = {
						CreatedOnToolsVersion = 15.3;
					};
					DDC9B96D2C708D4B0085AC94 = {
						CreatedOnToolsVersion = 15.3;
						TestTargetID = DDC9B9572C708D480085AC94;
					};
					DDC9B9772C708D4B0085AC94 = {
						CreatedOnToolsVersion = 15.3;
						TestTargetID = DDC9B9572C708D480085AC94;
					};
				};
			};
			buildConfigurationList = DDC9B9532C708D480085AC94 /* Build configuration list for PBXProject "Test" */;
			compatibilityVersion = "Xcode 14.0";
			developmentRegion = en;
			hasScannedForEncodings = 0;
			knownRegions = (
				en,
				Base,
			);
			mainGroup = DDC9B94F2C708D480085AC94;
			productRefGroup = DDC9B9592C708D480085AC94 /* Products */;
			projectDirPath = "";
			projectRoot = "";
			targets = (
				DDC9B9572C708D480085AC94 /* Test */,
				DDC9B96D2C708D4B0085AC94 /* TestTests */,
				DDC9B9772C708D4B0085AC94 /* TestUITests */,
			);
		};
/* End PBXProject section */

/* Begin PBXResourcesBuildPhase section */
		DDC9B9562C708D480085AC94 /* Resources */ = {
			isa = PBXResourcesBuildPhase;
			buildActionMask = 2147483647;
			files = (
				DDC9B9652C708D4A0085AC94 /* Assets.xcassets in Resources */,
				DDC9B9902C7091220085AC94 /* MainViewController.xib in Resources */,
				DDC9B9682C708D4A0085AC94 /* Base in Resources */,
			);
			runOnlyForDeploymentPostprocessing = 0;
		};
		DDC9B96C2C708D4B0085AC94 /* Resources */ = {
			isa = PBXResourcesBuildPhase;
			buildActionMask = 2147483647;
			files = (
			);
			runOnlyForDeploymentPostprocessing = 0;
		};
		DDC9B9762C708D4B0085AC94 /* Resources */ = {
			isa = PBXResourcesBuildPhase;
			buildActionMask = 2147483647;
			files = (
			);
			runOnlyForDeploymentPostprocessing = 0;
		};
/* End PBXResourcesBuildPhase section */

/* Begin PBXSourcesBuildPhase section */
		DDC9B9542C708D480085AC94 /* Sources */ = {
			isa = PBXSourcesBuildPhase;
			buildActionMask = 2147483647;
			files = (
				DDC9B95C2C708D480085AC94 /* AppDelegate.swift in Sources */,
				DDC9B98C2C70904D0085AC94 /* DatePickerView.swift in Sources */,
				DDC9B95E2C708D480085AC94 /* SceneDelegate.swift in Sources */,
				DDC9B98F2C7091220085AC94 /* MainViewController.swift in Sources */,
			);
			runOnlyForDeploymentPostprocessing = 0;
		};
		DDC9B96A2C708D4B0085AC94 /* Sources */ = {
			isa = PBXSourcesBuildPhase;
			buildActionMask = 2147483647;
			files = (
				DDC9B9732C708D4B0085AC94 /* TestTests.swift in Sources */,
			);
			runOnlyForDeploymentPostprocessing = 0;
		};
		DDC9B9742C708D4B0085AC94 /* Sources */ = {
			isa = PBXSourcesBuildPhase;
			buildActionMask = 2147483647;
			files = (
				DDC9B97F2C708D4B0085AC94 /* TestUITestsLaunchTests.swift in Sources */,
				DDC9B97D2C708D4B0085AC94 /* TestUITests.swift in Sources */,
			);
			runOnlyForDeploymentPostprocessing = 0;
		};
/* End PBXSourcesBuildPhase section */

/* Begin PBXTargetDependency section */
		DDC9B9702C708D4B0085AC94 /* PBXTargetDependency */ = {
			isa = PBXTargetDependency;
			target = DDC9B9572C708D480085AC94 /* Test */;
			targetProxy = DDC9B96F2C708D4B0085AC94 /* PBXContainerItemProxy */;
		};
		DDC9B97A2C708D4B0085AC94 /* PBXTargetDependency */ = {
			isa = PBXTargetDependency;
			target = DDC9B9572C708D480085AC94 /* Test */;
			targetProxy = DDC9B9792C708D4B0085AC94 /* PBXContainerItemProxy */;
		};
/* End PBXTargetDependency section */

/* Begin PBXVariantGroup section */
		DDC9B9662C708D4A0085AC94 /* LaunchScreen.storyboard */ = {
			isa = PBXVariantGroup;
			children = (
				DDC9B9672C708D4A0085AC94 /* Base */,
			);
			name = LaunchScreen.storyboard;
			sourceTree = "<group>";
		};
/* End PBXVariantGroup section */

/* Begin XCBuildConfiguration section */
		DDC9B9802C708D4B0085AC94 /* Debug */ = {
			isa = XCBuildConfiguration;
			buildSettings = {
				ALWAYS_SEARCH_USER_PATHS = NO;
				ASSETCATALOG_COMPILER_GENERATE_SWIFT_ASSET_SYMBOL_EXTENSIONS = YES;
				CLANG_ANALYZER_NONNULL = YES;
				CLANG_ANALYZER_NUMBER_OBJECT_CONVERSION = YES_AGGRESSIVE;
				CLANG_CXX_LANGUAGE_STANDARD = "gnu++20";
				CLANG_ENABLE_MODULES = YES;
				CLANG_ENABLE_OBJC_ARC = YES;
				CLANG_ENABLE_OBJC_WEAK = YES;
				CLANG_WARN_BLOCK_CAPTURE_AUTORELEASING = YES;
				CLANG_WARN_BOOL_CONVERSION = YES;
				CLANG_WARN_COMMA = YES;
				CLANG_WARN_CONSTANT_CONVERSION = YES;
				CLANG_WARN_DEPRECATED_OBJC_IMPLEMENTATIONS = YES;
				CLANG_WARN_DIRECT_OBJC_ISA_USAGE = YES_ERROR;
				CLANG_WARN_DOCUMENTATION_COMMENTS = YES;
				CLANG_WARN_EMPTY_BODY = YES;
				CLANG_WARN_ENUM_CONVERSION = YES;
				CLANG_WARN_INFINITE_RECURSION = YES;
				CLANG_WARN_INT_CONVERSION = YES;
				CLANG_WARN_NON_LITERAL_NULL_CONVERSION = YES;
				CLANG_WARN_OBJC_IMPLICIT_RETAIN_SELF = YES;
				CLANG_WARN_OBJC_LITERAL_CONVERSION = YES;
				CLANG_WARN_OBJC_ROOT_CLASS = YES_ERROR;
				CLANG_WARN_QUOTED_INCLUDE_IN_FRAMEWORK_HEADER = YES;
				CLANG_WARN_RANGE_LOOP_ANALYSIS = YES;
				CLANG_WARN_STRICT_PROTOTYPES = YES;
				CLANG_WARN_SUSPICIOUS_MOVE = YES;
				CLANG_WARN_UNGUARDED_AVAILABILITY = YES_AGGRESSIVE;
				CLANG_WARN_UNREACHABLE_CODE = YES;
				CLANG_WARN__DUPLICATE_METHOD_MATCH = YES;
				COPY_PHASE_STRIP = NO;
				DEBUG_INFORMATION_FORMAT = dwarf;
				ENABLE_STRICT_OBJC_MSGSEND = YES;
				ENABLE_TESTABILITY = YES;
				ENABLE_USER_SCRIPT_SANDBOXING = YES;
				GCC_C_LANGUAGE_STANDARD = gnu17;
				GCC_DYNAMIC_NO_PIC = NO;
				GCC_NO_COMMON_BLOCKS = YES;
				GCC_OPTIMIZATION_LEVEL = 0;
				GCC_PREPROCESSOR_DEFINITIONS = (
					"DEBUG=1",
					"$(inherited)",
				);
				GCC_WARN_64_TO_32_BIT_CONVERSION = YES;
				GCC_WARN_ABOUT_RETURN_TYPE = YES_ERROR;
				GCC_WARN_UNDECLARED_SELECTOR = YES;
				GCC_WARN_UNINITIALIZED_AUTOS = YES_AGGRESSIVE;
				GCC_WARN_UNUSED_FUNCTION = YES;
				GCC_WARN_UNUSED_VARIABLE = YES;
				IPHONEOS_DEPLOYMENT_TARGET = 17.4;
				LOCALIZATION_PREFERS_STRING_CATALOGS = YES;
				MTL_ENABLE_DEBUG_INFO = INCLUDE_SOURCE;
				MTL_FAST_MATH = YES;
				ONLY_ACTIVE_ARCH = YES;
				SDKROOT = iphoneos;
				SWIFT_ACTIVE_COMPILATION_CONDITIONS = "DEBUG $(inherited)";
				SWIFT_OPTIMIZATION_LEVEL = "-Onone";
			};
			name = Debug;
		};
		DDC9B9812C708D4B0085AC94 /* Release */ = {
			isa = XCBuildConfiguration;
			buildSettings = {
				ALWAYS_SEARCH_USER_PATHS = NO;
				ASSETCATALOG_COMPILER_GENERATE_SWIFT_ASSET_SYMBOL_EXTENSIONS = YES;
				CLANG_ANALYZER_NONNULL = YES;
				CLANG_ANALYZER_NUMBER_OBJECT_CONVERSION = YES_AGGRESSIVE;
				CLANG_CXX_LANGUAGE_STANDARD = "gnu++20";
				CLANG_ENABLE_MODULES = YES;
				CLANG_ENABLE_OBJC_ARC = YES;
				CLANG_ENABLE_OBJC_WEAK = YES;
				CLANG_WARN_BLOCK_CAPTURE_AUTORELEASING = YES;
				CLANG_WARN_BOOL_CONVERSION = YES;
				CLANG_WARN_COMMA = YES;
				CLANG_WARN_CONSTANT_CONVERSION = YES;
				CLANG_WARN_DEPRECATED_OBJC_IMPLEMENTATIONS = YES;
				CLANG_WARN_DIRECT_OBJC_ISA_USAGE = YES_ERROR;
				CLANG_WARN_DOCUMENTATION_COMMENTS = YES;
				CLANG_WARN_EMPTY_BODY = YES;
				CLANG_WARN_ENUM_CONVERSION = YES;
				CLANG_WARN_INFINITE_RECURSION = YES;
				CLANG_WARN_INT_CONVERSION = YES;
				CLANG_WARN_NON_LITERAL_NULL_CONVERSION = YES;
				CLANG_WARN_OBJC_IMPLICIT_RETAIN_SELF = YES;
				CLANG_WARN_OBJC_LITERAL_CONVERSION = YES;
				CLANG_WARN_OBJC_ROOT_CLASS = YES_ERROR;
				CLANG_WARN_QUOTED_INCLUDE_IN_FRAMEWORK_HEADER = YES;
				CLANG_WARN_RANGE_LOOP_ANALYSIS = YES;
				CLANG_WARN_STRICT_PROTOTYPES = YES;
				CLANG_WARN_SUSPICIOUS_MOVE = YES;
				CLANG_WARN_UNGUARDED_AVAILABILITY = YES_AGGRESSIVE;
				CLANG_WARN_UNREACHABLE_CODE = YES;
				CLANG_WARN__DUPLICATE_METHOD_MATCH = YES;
				COPY_PHASE_STRIP = NO;
				DEBUG_INFORMATION_FORMAT = "dwarf-with-dsym";
				ENABLE_NS_ASSERTIONS = NO;
				ENABLE_STRICT_OBJC_MSGSEND = YES;
				ENABLE_USER_SCRIPT_SANDBOXING = YES;
				GCC_C_LANGUAGE_STANDARD = gnu17;
				GCC_NO_COMMON_BLOCKS = YES;
				GCC_WARN_64_TO_32_BIT_CONVERSION = YES;
				GCC_WARN_ABOUT_RETURN_TYPE = YES_ERROR;
				GCC_WARN_UNDECLARED_SELECTOR = YES;
				GCC_WARN_UNINITIALIZED_AUTOS = YES_AGGRESSIVE;
				GCC_WARN_UNUSED_FUNCTION = YES;
				GCC_WARN_UNUSED_VARIABLE = YES;
				IPHONEOS_DEPLOYMENT_TARGET = 17.4;
				LOCALIZATION_PREFERS_STRING_CATALOGS = YES;
				MTL_ENABLE_DEBUG_INFO = NO;
				MTL_FAST_MATH = YES;
				SDKROOT = iphoneos;
				SWIFT_COMPILATION_MODE = wholemodule;
				VALIDATE_PRODUCT = YES;
			};
			name = Release;
		};
		DDC9B9832C708D4B0085AC94 /* Debug */ = {
			isa = XCBuildConfiguration;
			buildSettings = {
				ASSETCATALOG_COMPILER_APPICON_NAME = AppIcon;
				ASSETCATALOG_COMPILER_GLOBAL_ACCENT_COLOR_NAME = AccentColor;
				CODE_SIGN_STYLE = Automatic;
				CURRENT_PROJECT_VERSION = 1;
				DEVELOPMENT_TEAM = 4NR77LPFLG;
				GENERATE_INFOPLIST_FILE = YES;
				INFOPLIST_FILE = Test/Info.plist;
				INFOPLIST_KEY_UIApplicationSupportsIndirectInputEvents = YES;
				INFOPLIST_KEY_UILaunchStoryboardName = LaunchScreen;
				INFOPLIST_KEY_UIMainStoryboardFile = "";
				INFOPLIST_KEY_UISupportedInterfaceOrientations_iPad = "UIInterfaceOrientationPortrait UIInterfaceOrientationPortraitUpsideDown UIInterfaceOrientationLandscapeLeft UIInterfaceOrientationLandscapeRight";
				INFOPLIST_KEY_UISupportedInterfaceOrientations_iPhone = "UIInterfaceOrientationPortrait UIInterfaceOrientationLandscapeLeft UIInterfaceOrientationLandscapeRight";
				LD_RUNPATH_SEARCH_PATHS = (
					"$(inherited)",
					"@executable_path/Frameworks",
				);
				MARKETING_VERSION = 1.0;
				PRODUCT_BUNDLE_IDENTIFIER = ibrahim.gedami.Test;
				PRODUCT_NAME = "$(TARGET_NAME)";
				SWIFT_EMIT_LOC_STRINGS = YES;
				SWIFT_VERSION = 5.0;
				TARGETED_DEVICE_FAMILY = "1,2";
			};
			name = Debug;
		};
		DDC9B9842C708D4B0085AC94 /* Release */ = {
			isa = XCBuildConfiguration;
			buildSettings = {
				ASSETCATALOG_COMPILER_APPICON_NAME = AppIcon;
				ASSETCATALOG_COMPILER_GLOBAL_ACCENT_COLOR_NAME = AccentColor;
				CODE_SIGN_STYLE = Automatic;
				CURRENT_PROJECT_VERSION = 1;
				DEVELOPMENT_TEAM = 4NR77LPFLG;
				GENERATE_INFOPLIST_FILE = YES;
				INFOPLIST_FILE = Test/Info.plist;
				INFOPLIST_KEY_UIApplicationSupportsIndirectInputEvents = YES;
				INFOPLIST_KEY_UILaunchStoryboardName = LaunchScreen;
				INFOPLIST_KEY_UIMainStoryboardFile = "";
				INFOPLIST_KEY_UISupportedInterfaceOrientations_iPad = "UIInterfaceOrientationPortrait UIInterfaceOrientationPortraitUpsideDown UIInterfaceOrientationLandscapeLeft UIInterfaceOrientationLandscapeRight";
				INFOPLIST_KEY_UISupportedInterfaceOrientations_iPhone = "UIInterfaceOrientationPortrait UIInterfaceOrientationLandscapeLeft UIInterfaceOrientationLandscapeRight";
				LD_RUNPATH_SEARCH_PATHS = (
					"$(inherited)",
					"@executable_path/Frameworks",
				);
				MARKETING_VERSION = 1.0;
				PRODUCT_BUNDLE_IDENTIFIER = ibrahim.gedami.Test;
				PRODUCT_NAME = "$(TARGET_NAME)";
				SWIFT_EMIT_LOC_STRINGS = YES;
				SWIFT_VERSION = 5.0;
				TARGETED_DEVICE_FAMILY = "1,2";
			};
			name = Release;
		};
		DDC9B9862C708D4B0085AC94 /* Debug */ = {
			isa = XCBuildConfiguration;
			buildSettings = {
				ALWAYS_EMBED_SWIFT_STANDARD_LIBRARIES = YES;
				BUNDLE_LOADER = "$(TEST_HOST)";
				CODE_SIGN_STYLE = Automatic;
				CURRENT_PROJECT_VERSION = 1;
				DEVELOPMENT_TEAM = 4NR77LPFLG;
				GENERATE_INFOPLIST_FILE = YES;
				IPHONEOS_DEPLOYMENT_TARGET = 17.4;
				MARKETING_VERSION = 1.0;
				PRODUCT_BUNDLE_IDENTIFIER = ibrahim.gedami.TestTests;
				PRODUCT_NAME = "$(TARGET_NAME)";
				SWIFT_EMIT_LOC_STRINGS = NO;
				SWIFT_VERSION = 5.0;
				TARGETED_DEVICE_FAMILY = "1,2";
				TEST_HOST = "$(BUILT_PRODUCTS_DIR)/Test.app/$(BUNDLE_EXECUTABLE_FOLDER_PATH)/Test";
			};
			name = Debug;
		};
		DDC9B9872C708D4B0085AC94 /* Release */ = {
			isa = XCBuildConfiguration;
			buildSettings = {
				ALWAYS_EMBED_SWIFT_STANDARD_LIBRARIES = YES;
				BUNDLE_LOADER = "$(TEST_HOST)";
				CODE_SIGN_STYLE = Automatic;
				CURRENT_PROJECT_VERSION = 1;
				DEVELOPMENT_TEAM = 4NR77LPFLG;
				GENERATE_INFOPLIST_FILE = YES;
				IPHONEOS_DEPLOYMENT_TARGET = 17.4;
				MARKETING_VERSION = 1.0;
				PRODUCT_BUNDLE_IDENTIFIER = ibrahim.gedami.TestTests;
				PRODUCT_NAME = "$(TARGET_NAME)";
				SWIFT_EMIT_LOC_STRINGS = NO;
				SWIFT_VERSION = 5.0;
				TARGETED_DEVICE_FAMILY = "1,2";
				TEST_HOST = "$(BUILT_PRODUCTS_DIR)/Test.app/$(BUNDLE_EXECUTABLE_FOLDER_PATH)/Test";
			};
			name = Release;
		};
		DDC9B9892C708D4B0085AC94 /* Debug */ = {
			isa = XCBuildConfiguration;
			buildSettings = {
				ALWAYS_EMBED_SWIFT_STANDARD_LIBRARIES = YES;
				CODE_SIGN_STYLE = Automatic;
				CURRENT_PROJECT_VERSION = 1;
				DEVELOPMENT_TEAM = 4NR77LPFLG;
				GENERATE_INFOPLIST_FILE = YES;
				MARKETING_VERSION = 1.0;
				PRODUCT_BUNDLE_IDENTIFIER = ibrahim.gedami.TestUITests;
				PRODUCT_NAME = "$(TARGET_NAME)";
				SWIFT_EMIT_LOC_STRINGS = NO;
				SWIFT_VERSION = 5.0;
				TARGETED_DEVICE_FAMILY = "1,2";
				TEST_TARGET_NAME = Test;
			};
			name = Debug;
		};
		DDC9B98A2C708D4B0085AC94 /* Release */ = {
			isa = XCBuildConfiguration;
			buildSettings = {
				ALWAYS_EMBED_SWIFT_STANDARD_LIBRARIES = YES;
				CODE_SIGN_STYLE = Automatic;
				CURRENT_PROJECT_VERSION = 1;
				DEVELOPMENT_TEAM = 4NR77LPFLG;
				GENERATE_INFOPLIST_FILE = YES;
				MARKETING_VERSION = 1.0;
				PRODUCT_BUNDLE_IDENTIFIER = ibrahim.gedami.TestUITests;
				PRODUCT_NAME = "$(TARGET_NAME)";
				SWIFT_EMIT_LOC_STRINGS = NO;
				SWIFT_VERSION = 5.0;
				TARGETED_DEVICE_FAMILY = "1,2";
				TEST_TARGET_NAME = Test;
			};
			name = Release;
		};
/* End XCBuildConfiguration section */

/* Begin XCConfigurationList section */
		DDC9B9532C708D480085AC94 /* Build configuration list for PBXProject "Test" */ = {
			isa = XCConfigurationList;
			buildConfigurations = (
				DDC9B9802C708D4B0085AC94 /* Debug */,
				DDC9B9812C708D4B0085AC94 /* Release */,
			);
			defaultConfigurationIsVisible = 0;
			defaultConfigurationName = Release;
		};
		DDC9B9822C708D4B0085AC94 /* Build configuration list for PBXNativeTarget "Test" */ = {
			isa = XCConfigurationList;
			buildConfigurations = (
				DDC9B9832C708D4B0085AC94 /* Debug */,
				DDC9B9842C708D4B0085AC94 /* Release */,
			);
			defaultConfigurationIsVisible = 0;
			defaultConfigurationName = Release;
		};
		DDC9B9852C708D4B0085AC94 /* Build configuration list for PBXNativeTarget "TestTests" */ = {
			isa = XCConfigurationList;
			buildConfigurations = (
				DDC9B9862C708D4B0085AC94 /* Debug */,
				DDC9B9872C708D4B0085AC94 /* Release */,
			);
			defaultConfigurationIsVisible = 0;
			defaultConfigurationName = Release;
		};
		DDC9B9882C708D4B0085AC94 /* Build configuration list for PBXNativeTarget "TestUITests" */ = {
			isa = XCConfigurationList;
			buildConfigurations = (
				DDC9B9892C708D4B0085AC94 /* Debug */,
				DDC9B98A2C708D4B0085AC94 /* Release */,
			);
			defaultConfigurationIsVisible = 0;
			defaultConfigurationName = Release;
		};
/* End XCConfigurationList section */
	};
	rootObject = DDC9B9502C708D480085AC94 /* Project object */;
}
